{
  "name": "slack-status",
  "version": "1.0.0",
  "lockfileVersion": 1,
  "requires": true,
  "dependencies": {
    "@slack/logger": {
      "version": "2.0.0",
      "resolved": "https://registry.sipgate.net:443/artifactory/api/npm/npm/@slack/logger/-/logger-2.0.0.tgz",
      "integrity": "sha1-ak4cdVhJvA9m2sCKi+VM55DsDms=",
      "requires": {
        "@types/node": ">=8.9.0"
      }
    },
    "@slack/types": {
      "version": "1.10.0",
      "resolved": "https://registry.sipgate.net:443/artifactory/api/npm/npm/@slack/types/-/types-1.10.0.tgz",
      "integrity": "sha1-y/fYPhAn9Mv9E9a0KfEgx/sJEno="
    },
    "@slack/web-api": {
      "version": "5.14.0",
      "resolved": "https://registry.sipgate.net:443/artifactory/api/npm/npm/@slack/web-api/-/web-api-5.14.0.tgz",
      "integrity": "sha1-PCgmcPSlodCEKz4Xh7RjE6PaXZ0=",
      "requires": {
        "@slack/logger": ">=1.0.0 <3.0.0",
        "@slack/types": "^1.7.0",
        "@types/is-stream": "^1.1.0",
        "@types/node": ">=8.9.0",
        "axios": "^0.19.0",
        "eventemitter3": "^3.1.0",
        "form-data": "^2.5.0",
        "is-stream": "^1.1.0",
        "p-queue": "^6.6.1",
        "p-retry": "^4.0.0"
      }
    },
    "@types/is-stream": {
      "version": "1.1.0",
      "resolved": "https://registry.sipgate.net:443/artifactory/api/npm/npm/@types/is-stream/-/is-stream-1.1.0.tgz",
      "integrity": "sha1-uE17sgeiEPKvm+1DHcD76cQUO+E=",
      "requires": {
        "@types/node": "*"
      }
    },
    "@types/node": {
      "version": "14.14.20",
      "resolved": "https://registry.sipgate.net:443/artifactory/api/npm/npm/@types/node/-/node-14.14.20.tgz",
      "integrity": "sha1-95dIY+3SHR+KSUpz6OKzZYYVw0A="
    },
    "@types/retry": {
      "version": "0.12.0",
      "resolved": "https://registry.sipgate.net:443/artifactory/api/npm/npm/@types/retry/-/retry-0.12.0.tgz",
      "integrity": "sha1-KzXsz87n04zXKtmSMvvVi/+zyE0="
    },
    "asynckit": {
      "version": "0.4.0",
      "resolved": "https://registry.sipgate.net:443/artifactory/api/npm/npm/asynckit/-/asynckit-0.4.0.tgz",
      "integrity": "sha1-x57Zf380y48robyXkLzDZkdLS3k="
    },
    "axios": {
      "version": "0.19.2",
      "resolved": "https://registry.sipgate.net:443/artifactory/api/npm/npm/axios/-/axios-0.19.2.tgz",
      "integrity": "sha1-PqNsXYgY0NX4qKl6bTa4bNwAyyc=",
      "requires": {
        "follow-redirects": "1.5.10"
      }
    },
    "base64-js": {
      "version": "1.5.1",
      "resolved": "https://registry.sipgate.net:443/artifactory/api/npm/npm/base64-js/-/base64-js-1.5.1.tgz",
      "integrity": "sha1-GxtEAWClv3rUC2UPCVljSBkDkwo="
    },
    "buffer": {
      "version": "5.7.1",
      "resolved": "https://registry.sipgate.net:443/artifactory/api/npm/npm/buffer/-/buffer-5.7.1.tgz",
      "integrity": "sha1-umLnwTEzBTWCGXFghRqPZI6Z7tA=",
      "requires": {
        "base64-js": "^1.3.1",
        "ieee754": "^1.1.13"
      }
    },
    "camelcase": {
      "version": "5.3.1",
      "resolved": "https://registry.sipgate.net:443/artifactory/api/npm/npm/camelcase/-/camelcase-5.3.1.tgz",
      "integrity": "sha1-48mzFWnhBoEd8kL3FXJaH0xJQyA="
    },
    "combined-stream": {
      "version": "1.0.8",
      "resolved": "https://registry.sipgate.net:443/artifactory/api/npm/npm/combined-stream/-/combined-stream-1.0.8.tgz",
      "integrity": "sha1-w9RaizT9cwYxoRCoolIGgrMdWn8=",
      "requires": {
        "delayed-stream": "~1.0.0"
      }
    },
    "commander": {
      "version": "6.2.1",
      "resolved": "https://registry.sipgate.net:443/artifactory/api/npm/npm/commander/-/commander-6.2.1.tgz",
      "integrity": "sha1-B5LraC37wyWZm7K4T93duhEKxzw="
    },
    "debug": {
      "version": "3.1.0",
      "resolved": "https://registry.sipgate.net:443/artifactory/api/npm/npm/debug/-/debug-3.1.0.tgz",
      "integrity": "sha1-W7WgZyYotkFJVmuhaBnmFRjGcmE=",
      "requires": {
        "ms": "2.0.0"
      }
    },
    "delayed-stream": {
      "version": "1.0.0",
      "resolved": "https://registry.sipgate.net:443/artifactory/api/npm/npm/delayed-stream/-/delayed-stream-1.0.0.tgz",
      "integrity": "sha1-3zrhmayt+31ECqrgsp4icrJOxhk="
    },
    "detect-browser": {
      "version": "5.2.0",
      "resolved": "https://registry.sipgate.net:443/artifactory/api/npm/npm/detect-browser/-/detect-browser-5.2.0.tgz",
      "integrity": "sha1-yc1a+pamoZ/aC76em+SKa24enJc="
    },
    "eventemitter3": {
      "version": "3.1.2",
      "resolved": "https://registry.sipgate.net:443/artifactory/api/npm/npm/eventemitter3/-/eventemitter3-3.1.2.tgz",
      "integrity": "sha1-LT1I+cNGaY/Og6hdfWZOmFNd9uc="
    },
    "foldline": {
      "version": "1.1.0",
      "resolved": "https://registry.sipgate.net:443/artifactory/api/npm/npm/foldline/-/foldline-1.1.0.tgz",
      "integrity": "sha1-lQF7P8LP8VbBZzc4l+ds6zKuCWQ="
    },
    "follow-redirects": {
      "version": "1.5.10",
      "resolved": "https://registry.sipgate.net:443/artifactory/api/npm/npm/follow-redirects/-/follow-redirects-1.5.10.tgz",
      "integrity": "sha1-e3qfmuov3/NnhqlP9kPtB/T/Xio=",
      "requires": {
        "debug": "=3.1.0"
      }
    },
    "form-data": {
      "version": "2.5.1",
      "resolved": "https://registry.sipgate.net:443/artifactory/api/npm/npm/form-data/-/form-data-2.5.1.tgz",
      "integrity": "sha1-8svsV7XlniNxbhKP5E1OXdI4lfQ=",
      "requires": {
        "asynckit": "^0.4.0",
        "combined-stream": "^1.0.6",
        "mime-types": "^2.1.12"
      }
    },
    "google-libphonenumber": {
      "version": "3.2.15",
      "resolved": "https://registry.sipgate.net:443/artifactory/api/npm/npm/google-libphonenumber/-/google-libphonenumber-3.2.15.tgz",
      "integrity": "sha1-OgHcVU2/g8dU8knBbfNgXl0VS7k="
    },
    "ieee754": {
      "version": "1.2.1",
      "resolved": "https://registry.sipgate.net:443/artifactory/api/npm/npm/ieee754/-/ieee754-1.2.1.tgz",
      "integrity": "sha1-jrehCmP/8l0VpXsAFYbRd9Gw01I="
    },
    "is-stream": {
      "version": "1.1.0",
      "resolved": "https://registry.sipgate.net:443/artifactory/api/npm/npm/is-stream/-/is-stream-1.1.0.tgz",
      "integrity": "sha1-EtSj3U5o4Lec6428hBc66A2RykQ="
    },
    "json2csv": {
      "version": "5.0.5",
      "resolved": "https://registry.sipgate.net:443/artifactory/api/npm/npm/json2csv/-/json2csv-5.0.5.tgz",
      "integrity": "sha1-tlv08eHuuBy3CX04Pt7CSfi8468=",
      "requires": {
        "commander": "^6.1.0",
        "jsonparse": "^1.3.1",
        "lodash.get": "^4.4.2"
      }
    },
    "jsonparse": {
      "version": "1.3.1",
      "resolved": "https://registry.sipgate.net:443/artifactory/api/npm/npm/jsonparse/-/jsonparse-1.3.1.tgz",
      "integrity": "sha1-P02uSpH6wxX3EGL4UhzCOfE2YoA="
    },
    "lodash.get": {
      "version": "4.4.2",
      "resolved": "https://registry.sipgate.net:443/artifactory/api/npm/npm/lodash.get/-/lodash.get-4.4.2.tgz",
      "integrity": "sha1-LRd/ZS+jHpObRDjVNBSZ36OCXpk="
    },
    "mime-db": {
      "version": "1.45.0",
      "resolved": "https://registry.sipgate.net:443/artifactory/api/npm/npm/mime-db/-/mime-db-1.45.0.tgz",
      "integrity": "sha1-zO7aIczXw6dF66LezVXUtz54eeo="
    },
    "mime-types": {
      "version": "2.1.28",
      "resolved": "https://registry.sipgate.net:443/artifactory/api/npm/npm/mime-types/-/mime-types-2.1.28.tgz",
      "integrity": "sha1-EWDEdX6rLFNjiI4AUnPs950qDs0=",
      "requires": {
        "mime-db": "1.45.0"
      }
    },
    "ms": {
      "version": "2.0.0",
      "resolved": "https://registry.sipgate.net:443/artifactory/api/npm/npm/ms/-/ms-2.0.0.tgz",
      "integrity": "sha1-VgiurfwAvmwpAd9fmGF4jeDVl8g="
    },
    "p-finally": {
      "version": "1.0.0",
      "resolved": "https://registry.sipgate.net:443/artifactory/api/npm/npm/p-finally/-/p-finally-1.0.0.tgz",
      "integrity": "sha1-P7z7FbiZpEEjs0ttzBi3JDNqLK4="
    },
    "p-queue": {
      "version": "6.6.2",
      "resolved": "https://registry.sipgate.net:443/artifactory/api/npm/npm/p-queue/-/p-queue-6.6.2.tgz",
      "integrity": "sha1-IGip3PjmfdDsPnory3aBD6qF5CY=",
      "requires": {
        "eventemitter3": "^4.0.4",
        "p-timeout": "^3.2.0"
      },
      "dependencies": {
        "eventemitter3": {
          "version": "4.0.7",
          "resolved": "https://registry.sipgate.net:443/artifactory/api/npm/npm/eventemitter3/-/eventemitter3-4.0.7.tgz",
          "integrity": "sha1-Lem2j2Uo1WRO9cWVJqG0oHMGFp8="
        }
      }
    },
    "p-retry": {
      "version": "4.2.0",
      "resolved": "https://registry.sipgate.net:443/artifactory/api/npm/npm/p-retry/-/p-retry-4.2.0.tgz",
      "integrity": "sha1-6pBmxrRPI8q0zUL2FHzbvGYE2l0=",
      "requires": {
        "@types/retry": "^0.12.0",
        "retry": "^0.12.0"
      }
    },
    "p-timeout": {
      "version": "3.2.0",
      "resolved": "https://registry.sipgate.net:443/artifactory/api/npm/npm/p-timeout/-/p-timeout-3.2.0.tgz",
      "integrity": "sha1-x+F6vJcdKnli74NiazXWNazyPf4=",
      "requires": {
        "p-finally": "^1.0.0"
      }
    },
    "qs": {
      "version": "6.9.4",
      "resolved": "https://registry.sipgate.net:443/artifactory/api/npm/npm/qs/-/qs-6.9.4.tgz",
      "integrity": "sha1-kJCykNH5FyjTwi5UhDykSupatoc="
    },
    "retry": {
      "version": "0.12.0",
      "resolved": "https://registry.sipgate.net:443/artifactory/api/npm/npm/retry/-/retry-0.12.0.tgz",
      "integrity": "sha1-G0KmJmoh8HQh0bC1S33BZ7AcATs="
    },
    "sax": {
      "version": "1.2.4",
      "resolved": "https://registry.sipgate.net:443/artifactory/api/npm/npm/sax/-/sax-1.2.4.tgz",
      "integrity": "sha1-KBYjTiN4vdxOU1T6tcqold9xANk="
    },
    "sipgateio": {
      "version": "2.1.3",
      "resolved": "https://registry.sipgate.net:443/artifactory/api/npm/npm/sipgateio/-/sipgateio-2.1.3.tgz",
      "integrity": "sha1-4B613jLsHoOuAEFarjQI7O5spRA=",
      "requires": {
        "axios": "^0.19.2",
        "buffer": "^5.6.0",
        "detect-browser": "^5.0.0",
        "google-libphonenumber": "^3.2.8",
        "json2csv": "^5.0.0",
        "qs": "^6.9.3",
        "vcf": "^2.0.6",
        "xml-js": "^1.6.11"
      }
    },
    "typescript": {
      "version": "4.1.3",
      "resolved": "https://registry.npmjs.org/typescript/-/typescript-4.1.3.tgz",
      "integrity": "sha512-B3ZIOf1IKeH2ixgHhj6la6xdwR9QrLC5d1VKeCSY4tvkqhF2eqd9O7txNlS0PO3GrBAFIdr3L1ndNwteUbZLYg=="
    },
    "vcf": {
      "version": "2.1.0",
      "resolved": "https://registry.sipgate.net:443/artifactory/api/npm/npm/vcf/-/vcf-2.1.0.tgz",
      "integrity": "sha1-wYRLzEwQmLTx4UV4AcFs3FFTf6o=",
      "requires": {
        "camelcase": "^5.0.0",
        "foldline": "^1.1.0"
      }
    },
    "xml-js": {
      "version": "1.6.11",
      "resolved": "https://registry.sipgate.net:443/artifactory/api/npm/npm/xml-js/-/xml-js-1.6.11.tgz",
      "integrity": "sha1-kn0vaUf38cGaMW3Y7qNhTosY+Ok=",
      "requires": {
        "sax": "^1.2.4"
      }
    }
  }
}
